
Microsoft Visual Studio Solution File, Format Version 12.00
# Visual Studio 2013
VisualStudioVersion = 12.0.30501.0
MinimumVisualStudioVersion = 10.0.40219.1
Project("{FAE04EC0-301F-11D3-BF4B-00C04F79EFBC}") = "Jibu", "Jibu\Jibu.csproj", "{9E6C52B9-DC2B-4E18-9EC0-F67362E7840C}"
EndProject
Project("{FAE04EC0-301F-11D3-BF4B-00C04F79EFBC}") = "TaxiSample", "Samples\Taxi\TaxiSample.csproj", "{E1B7349A-F475-4CBC-B393-1FA76A5D9F8D}"
EndProject
Project("{FAE04EC0-301F-11D3-BF4B-00C04F79EFBC}") = "ConvexHull", "Samples\Convex Hull\ConvexHull.csproj", "{8B4B24A8-36CB-4C1B-AD30-A3D4A2B1C6D7}"
EndProject
Project("{FAE04EC0-301F-11D3-BF4B-00C04F79EFBC}") = "GameOfLife", "Samples\Game of Life\GameOfLife.csproj", "{6EAD0024-C641-4A57-9F85-F22E3AB68E1A}"
EndProject
Project("{FAE04EC0-301F-11D3-BF4B-00C04F79EFBC}") = "ImageProcessing", "Samples\Image Processing\ImageProcessing.csproj", "{8C6D5861-09E7-4364-A146-FC0841A801EE}"
EndProject
Project("{FAE04EC0-301F-11D3-BF4B-00C04F79EFBC}") = "MandelbrotFractal", "Samples\Mandelbrot\MandelbrotFractal.csproj", "{A9BE1050-83FD-437C-AE52-3F7C0B4D3F0F}"
EndProject
Project("{FAE04EC0-301F-11D3-BF4B-00C04F79EFBC}") = "MonteCarloPi", "Samples\Monte Carlo Pi\MonteCarloPi.csproj", "{0FA8826C-69BB-45FE-8B83-7EDF4ED0ADF7}"
EndProject
Project("{FAE04EC0-301F-11D3-BF4B-00C04F79EFBC}") = "NBody", "Samples\N-body\NBody.csproj", "{20924641-A171-48A5-9DB4-B38CB5839DB3}"
EndProject
Project("{FAE04EC0-301F-11D3-BF4B-00C04F79EFBC}") = "SleepingBarber", "Samples\Sleeping Barber\SleepingBarber.csproj", "{C0732709-F9BD-4814-ADF9-161405B0DB9B}"
EndProject
Global
	GlobalSection(SolutionConfigurationPlatforms) = preSolution
		Debug|Any CPU = Debug|Any CPU
		Release|Any CPU = Release|Any CPU
		Trial|Any CPU = Trial|Any CPU
	EndGlobalSection
	GlobalSection(ProjectConfigurationPlatforms) = postSolution
		{9E6C52B9-DC2B-4E18-9EC0-F67362E7840C}.Debug|Any CPU.ActiveCfg = Debug|Any CPU
		{9E6C52B9-DC2B-4E18-9EC0-F67362E7840C}.Debug|Any CPU.Build.0 = Debug|Any CPU
		{9E6C52B9-DC2B-4E18-9EC0-F67362E7840C}.Release|Any CPU.ActiveCfg = Release|Any CPU
		{9E6C52B9-DC2B-4E18-9EC0-F67362E7840C}.Release|Any CPU.Build.0 = Release|Any CPU
		{9E6C52B9-DC2B-4E18-9EC0-F67362E7840C}.Trial|Any CPU.ActiveCfg = Release|Any CPU
		{9E6C52B9-DC2B-4E18-9EC0-F67362E7840C}.Trial|Any CPU.Build.0 = Release|Any CPU
		{E1B7349A-F475-4CBC-B393-1FA76A5D9F8D}.Debug|Any CPU.ActiveCfg = Debug|Any CPU
		{E1B7349A-F475-4CBC-B393-1FA76A5D9F8D}.Debug|Any CPU.Build.0 = Debug|Any CPU
		{E1B7349A-F475-4CBC-B393-1FA76A5D9F8D}.Release|Any CPU.ActiveCfg = Release|Any CPU
		{E1B7349A-F475-4CBC-B393-1FA76A5D9F8D}.Release|Any CPU.Build.0 = Release|Any CPU
		{E1B7349A-F475-4CBC-B393-1FA76A5D9F8D}.Trial|Any CPU.ActiveCfg = Trial|Any CPU
		{E1B7349A-F475-4CBC-B393-1FA76A5D9F8D}.Trial|Any CPU.Build.0 = Trial|Any CPU
		{8B4B24A8-36CB-4C1B-AD30-A3D4A2B1C6D7}.Debug|Any CPU.ActiveCfg = Debug|Any CPU
		{8B4B24A8-36CB-4C1B-AD30-A3D4A2B1C6D7}.Debug|Any CPU.Build.0 = Debug|Any CPU
		{8B4B24A8-36CB-4C1B-AD30-A3D4A2B1C6D7}.Release|Any CPU.ActiveCfg = Release|Any CPU
		{8B4B24A8-36CB-4C1B-AD30-A3D4A2B1C6D7}.Release|Any CPU.Build.0 = Release|Any CPU
		{8B4B24A8-36CB-4C1B-AD30-A3D4A2B1C6D7}.Trial|Any CPU.ActiveCfg = Release|Any CPU
		{8B4B24A8-36CB-4C1B-AD30-A3D4A2B1C6D7}.Trial|Any CPU.Build.0 = Release|Any CPU
		{6EAD0024-C641-4A57-9F85-F22E3AB68E1A}.Debug|Any CPU.ActiveCfg = Debug|Any CPU
		{6EAD0024-C641-4A57-9F85-F22E3AB68E1A}.Debug|Any CPU.Build.0 = Debug|Any CPU
		{6EAD0024-C641-4A57-9F85-F22E3AB68E1A}.Release|Any CPU.ActiveCfg = Release|Any CPU
		{6EAD0024-C641-4A57-9F85-F22E3AB68E1A}.Release|Any CPU.Build.0 = Release|Any CPU
		{6EAD0024-C641-4A57-9F85-F22E3AB68E1A}.Trial|Any CPU.ActiveCfg = Release|Any CPU
		{6EAD0024-C641-4A57-9F85-F22E3AB68E1A}.Trial|Any CPU.Build.0 = Release|Any CPU
		{8C6D5861-09E7-4364-A146-FC0841A801EE}.Debug|Any CPU.ActiveCfg = Debug|Any CPU
		{8C6D5861-09E7-4364-A146-FC0841A801EE}.Debug|Any CPU.Build.0 = Debug|Any CPU
		{8C6D5861-09E7-4364-A146-FC0841A801EE}.Release|Any CPU.ActiveCfg = Release|Any CPU
		{8C6D5861-09E7-4364-A146-FC0841A801EE}.Release|Any CPU.Build.0 = Release|Any CPU
		{8C6D5861-09E7-4364-A146-FC0841A801EE}.Trial|Any CPU.ActiveCfg = Release|Any CPU
		{8C6D5861-09E7-4364-A146-FC0841A801EE}.Trial|Any CPU.Build.0 = Release|Any CPU
		{A9BE1050-83FD-437C-AE52-3F7C0B4D3F0F}.Debug|Any CPU.ActiveCfg = Debug|Any CPU
		{A9BE1050-83FD-437C-AE52-3F7C0B4D3F0F}.Debug|Any CPU.Build.0 = Debug|Any CPU
		{A9BE1050-83FD-437C-AE52-3F7C0B4D3F0F}.Release|Any CPU.ActiveCfg = Release|Any CPU
		{A9BE1050-83FD-437C-AE52-3F7C0B4D3F0F}.Release|Any CPU.Build.0 = Release|Any CPU
		{A9BE1050-83FD-437C-AE52-3F7C0B4D3F0F}.Trial|Any CPU.ActiveCfg = Release|Any CPU
		{A9BE1050-83FD-437C-AE52-3F7C0B4D3F0F}.Trial|Any CPU.Build.0 = Release|Any CPU
		{0FA8826C-69BB-45FE-8B83-7EDF4ED0ADF7}.Debug|Any CPU.ActiveCfg = Debug|Any CPU
		{0FA8826C-69BB-45FE-8B83-7EDF4ED0ADF7}.Debug|Any CPU.Build.0 = Debug|Any CPU
		{0FA8826C-69BB-45FE-8B83-7EDF4ED0ADF7}.Release|Any CPU.ActiveCfg = Release|Any CPU
		{0FA8826C-69BB-45FE-8B83-7EDF4ED0ADF7}.Release|Any CPU.Build.0 = Release|Any CPU
		{0FA8826C-69BB-45FE-8B83-7EDF4ED0ADF7}.Trial|Any CPU.ActiveCfg = Release|Any CPU
		{0FA8826C-69BB-45FE-8B83-7EDF4ED0ADF7}.Trial|Any CPU.Build.0 = Release|Any CPU
		{20924641-A171-48A5-9DB4-B38CB5839DB3}.Debug|Any CPU.ActiveCfg = Debug|Any CPU
		{20924641-A171-48A5-9DB4-B38CB5839DB3}.Debug|Any CPU.Build.0 = Debug|Any CPU
		{20924641-A171-48A5-9DB4-B38CB5839DB3}.Release|Any CPU.ActiveCfg = Release|Any CPU
		{20924641-A171-48A5-9DB4-B38CB5839DB3}.Release|Any CPU.Build.0 = Release|Any CPU
		{20924641-A171-48A5-9DB4-B38CB5839DB3}.Trial|Any CPU.ActiveCfg = Release|Any CPU
		{20924641-A171-48A5-9DB4-B38CB5839DB3}.Trial|Any CPU.Build.0 = Release|Any CPU
		{C0732709-F9BD-4814-ADF9-161405B0DB9B}.Debug|Any CPU.ActiveCfg = Debug|Any CPU
		{C0732709-F9BD-4814-ADF9-161405B0DB9B}.Debug|Any CPU.Build.0 = Debug|Any CPU
		{C0732709-F9BD-4814-ADF9-161405B0DB9B}.Release|Any CPU.ActiveCfg = Release|Any CPU
		{C0732709-F9BD-4814-ADF9-161405B0DB9B}.Release|Any CPU.Build.0 = Release|Any CPU
		{C0732709-F9BD-4814-ADF9-161405B0DB9B}.Trial|Any CPU.ActiveCfg = Release|Any CPU
		{C0732709-F9BD-4814-ADF9-161405B0DB9B}.Trial|Any CPU.Build.0 = Release|Any CPU
	EndGlobalSection
	GlobalSection(SolutionProperties) = preSolution
		HideSolutionNode = FALSE
	EndGlobalSection
EndGlobal
